
Microsoft Visual Studio Solution File, Format Version 12.00
# Visual Studio Version 16
VisualStudioVersion = 16.0.31105.61
MinimumVisualStudioVersion = 10.0.40219.1
Project("{FAE04EC0-301F-11D3-BF4B-00C04F79EFBC}") = "PetPalApp.UWP", "PetPalApp\PetPalApp.UWP\PetPalApp.UWP.csproj", "{17965542-30FA-4294-B1A6-9314A3EE349F}"
EndProject
Project("{FAE04EC0-301F-11D3-BF4B-00C04F79EFBC}") = "PetPalApp.Android", "PetPalApp\PetPalApp.Android\PetPalApp.Android.csproj", "{4922DBB5-AD7B-432D-9FBC-4D6F6204792B}"
EndProject
Project("{FAE04EC0-301F-11D3-BF4B-00C04F79EFBC}") = "PetPalApp.iOS", "PetPalApp\PetPalApp.iOS\PetPalApp.iOS.csproj", "{4DDDB21F-72E1-4FF9-85C2-5C627B91720F}"
EndProject
Project("{FAE04EC0-301F-11D3-BF4B-00C04F79EFBC}") = "PetPalApp", "PetPalApp\PetPalApp\PetPalApp.csproj", "{52762114-9BC8-4306-B22D-866D7B2A8A6A}"
EndProject
Global
	GlobalSection(SolutionConfigurationPlatforms) = preSolution
		Debug|Any CPU = Debug|Any CPU
		Debug|ARM = Debug|ARM
		Debug|iPhone = Debug|iPhone
		Debug|iPhoneSimulator = Debug|iPhoneSimulator
		Debug|x64 = Debug|x64
		Debug|x86 = Debug|x86
		Release|Any CPU = Release|Any CPU
		Release|ARM = Release|ARM
		Release|iPhone = Release|iPhone
		Release|iPhoneSimulator = Release|iPhoneSimulator
		Release|x64 = Release|x64
		Release|x86 = Release|x86
	EndGlobalSection
	GlobalSection(ProjectConfigurationPlatforms) = postSolution
		{17965542-30FA-4294-B1A6-9314A3EE349F}.Debug|Any CPU.ActiveCfg = Debug|x86
		{17965542-30FA-4294-B1A6-9314A3EE349F}.Debug|Any CPU.Build.0 = Debug|x86
		{17965542-30FA-4294-B1A6-9314A3EE349F}.Debug|Any CPU.Deploy.0 = Debug|x86
		{17965542-30FA-4294-B1A6-9314A3EE349F}.Debug|ARM.ActiveCfg = Debug|ARM
		{17965542-30FA-4294-B1A6-9314A3EE349F}.Debug|ARM.Build.0 = Debug|ARM
		{17965542-30FA-4294-B1A6-9314A3EE349F}.Debug|ARM.Deploy.0 = Debug|ARM
		{17965542-30FA-4294-B1A6-9314A3EE349F}.Debug|iPhone.ActiveCfg = Debug|x86
		{17965542-30FA-4294-B1A6-9314A3EE349F}.Debug|iPhone.Build.0 = Debug|x86
		{17965542-30FA-4294-B1A6-9314A3EE349F}.Debug|iPhone.Deploy.0 = Debug|x86
		{17965542-30FA-4294-B1A6-9314A3EE349F}.Debug|iPhoneSimulator.ActiveCfg = Debug|x86
		{17965542-30FA-4294-B1A6-9314A3EE349F}.Debug|iPhoneSimulator.Build.0 = Debug|x86
		{17965542-30FA-4294-B1A6-9314A3EE349F}.Debug|iPhoneSimulator.Deploy.0 = Debug|x86
		{17965542-30FA-4294-B1A6-9314A3EE349F}.Debug|x64.ActiveCfg = Debug|x64
		{17965542-30FA-4294-B1A6-9314A3EE349F}.Debug|x64.Build.0 = Debug|x64
		{17965542-30FA-4294-B1A6-9314A3EE349F}.Debug|x64.Deploy.0 = Debug|x64
		{17965542-30FA-4294-B1A6-9314A3EE349F}.Debug|x86.ActiveCfg = Debug|x86
		{17965542-30FA-4294-B1A6-9314A3EE349F}.Debug|x86.Build.0 = Debug|x86
		{17965542-30FA-4294-B1A6-9314A3EE349F}.Debug|x86.Deploy.0 = Debug|x86
		{17965542-30FA-4294-B1A6-9314A3EE349F}.Release|Any CPU.ActiveCfg = Release|x86
		{17965542-30FA-4294-B1A6-9314A3EE349F}.Release|Any CPU.Build.0 = Release|x86
		{17965542-30FA-4294-B1A6-9314A3EE349F}.Release|Any CPU.Deploy.0 = Release|x86
		{17965542-30FA-4294-B1A6-9314A3EE349F}.Release|ARM.ActiveCfg = Release|ARM
		{17965542-30FA-4294-B1A6-9314A3EE349F}.Release|ARM.Build.0 = Release|ARM
		{17965542-30FA-4294-B1A6-9314A3EE349F}.Release|ARM.Deploy.0 = Release|ARM
		{17965542-30FA-4294-B1A6-9314A3EE349F}.Release|iPhone.ActiveCfg = Release|x86
		{17965542-30FA-4294-B1A6-9314A3EE349F}.Release|iPhone.Build.0 = Release|x86
		{17965542-30FA-4294-B1A6-9314A3EE349F}.Release|iPhone.Deploy.0 = Release|x86
		{17965542-30FA-4294-B1A6-9314A3EE349F}.Release|iPhoneSimulator.ActiveCfg = Release|x86
		{17965542-30FA-4294-B1A6-9314A3EE349F}.Release|iPhoneSimulator.Build.0 = Release|x86
		{17965542-30FA-4294-B1A6-9314A3EE349F}.Release|iPhoneSimulator.Deploy.0 = Release|x86
		{17965542-30FA-4294-B1A6-9314A3EE349F}.Release|x64.ActiveCfg = Release|x64
		{17965542-30FA-4294-B1A6-9314A3EE349F}.Release|x64.Build.0 = Release|x64
		{17965542-30FA-4294-B1A6-9314A3EE349F}.Release|x64.Deploy.0 = Release|x64
		{17965542-30FA-4294-B1A6-9314A3EE349F}.Release|x86.ActiveCfg = Release|x86
		{17965542-30FA-4294-B1A6-9314A3EE349F}.Release|x86.Build.0 = Release|x86
		{17965542-30FA-4294-B1A6-9314A3EE349F}.Release|x86.Deploy.0 = Release|x86
		{4922DBB5-AD7B-432D-9FBC-4D6F6204792B}.Debug|Any CPU.ActiveCfg = Debug|Any CPU
		{4922DBB5-AD7B-432D-9FBC-4D6F6204792B}.Debug|Any CPU.Build.0 = Debug|Any CPU
		{4922DBB5-AD7B-432D-9FBC-4D6F6204792B}.Debug|Any CPU.Deploy.0 = Debug|Any CPU
		{4922DBB5-AD7B-432D-9FBC-4D6F6204792B}.Debug|ARM.ActiveCfg = Debug|Any CPU
		{4922DBB5-AD7B-432D-9FBC-4D6F6204792B}.Debug|ARM.Build.0 = Debug|Any CPU
		{4922DBB5-AD7B-432D-9FBC-4D6F6204792B}.Debug|ARM.Deploy.0 = Debug|Any CPU
		{4922DBB5-AD7B-432D-9FBC-4D6F6204792B}.Debug|iPhone.ActiveCfg = Debug|Any CPU
		{4922DBB5-AD7B-432D-9FBC-4D6F6204792B}.Debug|iPhone.Build.0 = Debug|Any CPU
		{4922DBB5-AD7B-432D-9FBC-4D6F6204792B}.Debug|iPhone.Deploy.0 = Debug|Any CPU
		{4922DBB5-AD7B-432D-9FBC-4D6F6204792B}.Debug|iPhoneSimulator.ActiveCfg = Debug|Any CPU
		{4922DBB5-AD7B-432D-9FBC-4D6F6204792B}.Debug|iPhoneSimulator.Build.0 = Debug|Any CPU
		{4922DBB5-AD7B-432D-9FBC-4D6F6204792B}.Debug|iPhoneSimulator.Deploy.0 = Debug|Any CPU
		{4922DBB5-AD7B-432D-9FBC-4D6F6204792B}.Debug|x64.ActiveCfg = Debug|Any CPU
		{4922DBB5-AD7B-432D-9FBC-4D6F6204792B}.Debug|x64.Build.0 = Debug|Any CPU
		{4922DBB5-AD7B-432D-9FBC-4D6F6204792B}.Debug|x64.Deploy.0 = Debug|Any CPU
		{4922DBB5-AD7B-432D-9FBC-4D6F6204792B}.Debug|x86.ActiveCfg = Debug|Any CPU
		{4922DBB5-AD7B-432D-9FBC-4D6F6204792B}.Debug|x86.Build.0 = Debug|Any CPU
		{4922DBB5-AD7B-432D-9FBC-4D6F6204792B}.Debug|x86.Deploy.0 = Debug|Any CPU
		{4922DBB5-AD7B-432D-9FBC-4D6F6204792B}.Release|Any CPU.ActiveCfg = Release|Any CPU
		{4922DBB5-AD7B-432D-9FBC-4D6F6204792B}.Release|Any CPU.Build.0 = Release|Any CPU
		{4922DBB5-AD7B-432D-9FBC-4D6F6204792B}.Release|Any CPU.Deploy.0 = Release|Any CPU
		{4922DBB5-AD7B-432D-9FBC-4D6F6204792B}.Release|ARM.ActiveCfg = Release|Any CPU
		{4922DBB5-AD7B-432D-9FBC-4D6F6204792B}.Release|ARM.Build.0 = Release|Any CPU
		{4922DBB5-AD7B-432D-9FBC-4D6F6204792B}.Release|ARM.Deploy.0 = Release|Any CPU
		{4922DBB5-AD7B-432D-9FBC-4D6F6204792B}.Release|iPhone.ActiveCfg = Release|Any CPU
		{4922DBB5-AD7B-432D-9FBC-4D6F6204792B}.Release|iPhone.Build.0 = Release|Any CPU
		{4922DBB5-AD7B-432D-9FBC-4D6F6204792B}.Release|iPhone.Deploy.0 = Release|Any CPU
		{4922DBB5-AD7B-432D-9FBC-4D6F6204792B}.Release|iPhoneSimulator.ActiveCfg = Release|Any CPU
		{4922DBB5-AD7B-432D-9FBC-4D6F6204792B}.Release|iPhoneSimulator.Build.0 = Release|Any CPU
		{4922DBB5-AD7B-432D-9FBC-4D6F6204792B}.Release|iPhoneSimulator.Deploy.0 = Release|Any CPU
		{4922DBB5-AD7B-432D-9FBC-4D6F6204792B}.Release|x64.ActiveCfg = Release|Any CPU
		{4922DBB5-AD7B-432D-9FBC-4D6F6204792B}.Release|x64.Build.0 = Release|Any CPU
		{4922DBB5-AD7B-432D-9FBC-4D6F6204792B}.Release|x64.Deploy.0 = Release|Any CPU
		{4922DBB5-AD7B-432D-9FBC-4D6F6204792B}.Release|x86.ActiveCfg = Release|Any CPU
		{4922DBB5-AD7B-432D-9FBC-4D6F6204792B}.Release|x86.Build.0 = Release|Any CPU
		{4922DBB5-AD7B-432D-9FBC-4D6F6204792B}.Release|x86.Deploy.0 = Release|Any CPU
		{4DDDB21F-72E1-4FF9-85C2-5C627B91720F}.Debug|Any CPU.ActiveCfg = Debug|iPhoneSimulator
		{4DDDB21F-72E1-4FF9-85C2-5C627B91720F}.Debug|Any CPU.Build.0 = Debug|iPhoneSimulator
		{4DDDB21F-72E1-4FF9-85C2-5C627B91720F}.Debug|Any CPU.Deploy.0 = Debug|iPhoneSimulator
		{4DDDB21F-72E1-4FF9-85C2-5C627B91720F}.Debug|ARM.ActiveCfg = Debug|iPhone
		{4DDDB21F-72E1-4FF9-85C2-5C627B91720F}.Debug|ARM.Build.0 = Debug|iPhone
		{4DDDB21F-72E1-4FF9-85C2-5C627B91720F}.Debug|ARM.Deploy.0 = Debug|iPhone
		{4DDDB21F-72E1-4FF9-85C2-5C627B91720F}.Debug|iPhone.ActiveCfg = Debug|iPhone
		{4DDDB21F-72E1-4FF9-85C2-5C627B91720F}.Debug|iPhone.Build.0 = Debug|iPhone
		{4DDDB21F-72E1-4FF9-85C2-5C627B91720F}.Debug|iPhone.Deploy.0 = Debug|iPhone
		{4DDDB21F-72E1-4FF9-85C2-5C627B91720F}.Debug|iPhoneSimulator.ActiveCfg = Debug|iPhoneSimulator
		{4DDDB21F-72E1-4FF9-85C2-5C627B91720F}.Debug|iPhoneSimulator.Build.0 = Debug|iPhoneSimulator
		{4DDDB21F-72E1-4FF9-85C2-5C627B91720F}.Debug|iPhoneSimulator.Deploy.0 = Debug|iPhoneSimulator
		{4DDDB21F-72E1-4FF9-85C2-5C627B91720F}.Debug|x64.ActiveCfg = Debug|iPhoneSimulator
		{4DDDB21F-72E1-4FF9-85C2-5C627B91720F}.Debug|x64.Build.0 = Debug|iPhoneSimulator
		{4DDDB21F-72E1-4FF9-85C2-5C627B91720F}.Debug|x64.Deploy.0 = Debug|iPhoneSimulator
		{4DDDB21F-72E1-4FF9-85C2-5C627B91720F}.Debug|x86.ActiveCfg = Debug|iPhoneSimulator
		{4DDDB21F-72E1-4FF9-85C2-5C627B91720F}.Debug|x86.Build.0 = Debug|iPhoneSimulator
		{4DDDB21F-72E1-4FF9-85C2-5C627B91720F}.Debug|x86.Deploy.0 = Debug|iPhoneSimulator
		{4DDDB21F-72E1-4FF9-85C2-5C627B91720F}.Release|Any CPU.ActiveCfg = Release|iPhoneSimulator
		{4DDDB21F-72E1-4FF9-85C2-5C627B91720F}.Release|Any CPU.Build.0 = Release|iPhoneSimulator
		{4DDDB21F-72E1-4FF9-85C2-5C627B91720F}.Release|Any CPU.Deploy.0 = Release|iPhoneSimulator
		{4DDDB21F-72E1-4FF9-85C2-5C627B91720F}.Release|ARM.ActiveCfg = Release|iPhoneSimulator
		{4DDDB21F-72E1-4FF9-85C2-5C627B91720F}.Release|ARM.Build.0 = Release|iPhoneSimulator
		{4DDDB21F-72E1-4FF9-85C2-5C627B91720F}.Release|ARM.Deploy.0 = Release|iPhoneSimulator
		{4DDDB21F-72E1-4FF9-85C2-5C627B91720F}.Release|iPhone.ActiveCfg = Release|iPhone
		{4DDDB21F-72E1-4FF9-85C2-5C627B91720F}.Release|iPhone.Build.0 = Release|iPhone
		{4DDDB21F-72E1-4FF9-85C2-5C627B91720F}.Release|iPhone.Deploy.0 = Release|iPhone
		{4DDDB21F-72E1-4FF9-85C2-5C627B91720F}.Release|iPhoneSimulator.ActiveCfg = Release|iPhoneSimulator
		{4DDDB21F-72E1-4FF9-85C2-5C627B91720F}.Release|iPhoneSimulator.Build.0 = Release|iPhoneSimulator
		{4DDDB21F-72E1-4FF9-85C2-5C627B91720F}.Release|iPhoneSimulator.Deploy.0 = Release|iPhoneSimulator
		{4DDDB21F-72E1-4FF9-85C2-5C627B91720F}.Release|x64.ActiveCfg = Release|iPhoneSimulator
		{4DDDB21F-72E1-4FF9-85C2-5C627B91720F}.Release|x64.Build.0 = Release|iPhoneSimulator
		{4DDDB21F-72E1-4FF9-85C2-5C627B91720F}.Release|x64.Deploy.0 = Release|iPhoneSimulator
		{4DDDB21F-72E1-4FF9-85C2-5C627B91720F}.Release|x86.ActiveCfg = Release|iPhoneSimulator
		{4DDDB21F-72E1-4FF9-85C2-5C627B91720F}.Release|x86.Build.0 = Release|iPhoneSimulator
		{4DDDB21F-72E1-4FF9-85C2-5C627B91720F}.Release|x86.Deploy.0 = Release|iPhoneSimulator
		{52762114-9BC8-4306-B22D-866D7B2A8A6A}.Debug|Any CPU.ActiveCfg = Debug|Any CPU
		{52762114-9BC8-4306-B22D-866D7B2A8A6A}.Debug|Any CPU.Build.0 = Debug|Any CPU
		{52762114-9BC8-4306-B22D-866D7B2A8A6A}.Debug|Any CPU.Deploy.0 = Debug|Any CPU
		{52762114-9BC8-4306-B22D-866D7B2A8A6A}.Debug|ARM.ActiveCfg = Debug|Any CPU
		{52762114-9BC8-4306-B22D-866D7B2A8A6A}.Debug|ARM.Build.0 = Debug|Any CPU
		{52762114-9BC8-4306-B22D-866D7B2A8A6A}.Debug|ARM.Deploy.0 = Debug|Any CPU
		{52762114-9BC8-4306-B22D-866D7B2A8A6A}.Debug|iPhone.ActiveCfg = Debug|Any CPU
		{52762114-9BC8-4306-B22D-866D7B2A8A6A}.Debug|iPhone.Build.0 = Debug|Any CPU
		{52762114-9BC8-4306-B22D-866D7B2A8A6A}.Debug|iPhone.Deploy.0 = Debug|Any CPU
		{52762114-9BC8-4306-B22D-866D7B2A8A6A}.Debug|iPhoneSimulator.ActiveCfg = Debug|Any CPU
		{52762114-9BC8-4306-B22D-866D7B2A8A6A}.Debug|iPhoneSimulator.Build.0 = Debug|Any CPU
		{52762114-9BC8-4306-B22D-866D7B2A8A6A}.Debug|iPhoneSimulator.Deploy.0 = Debug|Any CPU
		{52762114-9BC8-4306-B22D-866D7B2A8A6A}.Debug|x64.ActiveCfg = Debug|Any CPU
		{52762114-9BC8-4306-B22D-866D7B2A8A6A}.Debug|x64.Build.0 = Debug|Any CPU
		{52762114-9BC8-4306-B22D-866D7B2A8A6A}.Debug|x64.Deploy.0 = Debug|Any CPU
		{52762114-9BC8-4306-B22D-866D7B2A8A6A}.Debug|x86.ActiveCfg = Debug|Any CPU
		{52762114-9BC8-4306-B22D-866D7B2A8A6A}.Debug|x86.Build.0 = Debug|Any CPU
		{52762114-9BC8-4306-B22D-866D7B2A8A6A}.Debug|x86.Deploy.0 = Debug|Any CPU
		{52762114-9BC8-4306-B22D-866D7B2A8A6A}.Release|Any CPU.ActiveCfg = Release|Any CPU
		{52762114-9BC8-4306-B22D-866D7B2A8A6A}.Release|Any CPU.Build.0 = Release|Any CPU
		{52762114-9BC8-4306-B22D-866D7B2A8A6A}.Release|Any CPU.Deploy.0 = Release|Any CPU
		{52762114-9BC8-4306-B22D-866D7B2A8A6A}.Release|ARM.ActiveCfg = Release|Any CPU
		{52762114-9BC8-4306-B22D-866D7B2A8A6A}.Release|ARM.Build.0 = Release|Any CPU
		{52762114-9BC8-4306-B22D-866D7B2A8A6A}.Release|ARM.Deploy.0 = Release|Any CPU
		{52762114-9BC8-4306-B22D-866D7B2A8A6A}.Release|iPhone.ActiveCfg = Release|Any CPU
		{52762114-9BC8-4306-B22D-866D7B2A8A6A}.Release|iPhone.Build.0 = Release|Any CPU
		{52762114-9BC8-4306-B22D-866D7B2A8A6A}.Release|iPhone.Deploy.0 = Release|Any CPU
		{52762114-9BC8-4306-B22D-866D7B2A8A6A}.Release|iPhoneSimulator.ActiveCfg = Release|Any CPU
		{52762114-9BC8-4306-B22D-866D7B2A8A6A}.Release|iPhoneSimulator.Build.0 = Release|Any CPU
		{52762114-9BC8-4306-B22D-866D7B2A8A6A}.Release|iPhoneSimulator.Deploy.0 = Release|Any CPU
		{52762114-9BC8-4306-B22D-866D7B2A8A6A}.Release|x64.ActiveCfg = Release|Any CPU
		{52762114-9BC8-4306-B22D-866D7B2A8A6A}.Release|x64.Build.0 = Release|Any CPU
		{52762114-9BC8-4306-B22D-866D7B2A8A6A}.Release|x64.Deploy.0 = Release|Any CPU
		{52762114-9BC8-4306-B22D-866D7B2A8A6A}.Release|x86.ActiveCfg = Release|Any CPU
		{52762114-9BC8-4306-B22D-866D7B2A8A6A}.Release|x86.Build.0 = Release|Any CPU
		{52762114-9BC8-4306-B22D-866D7B2A8A6A}.Release|x86.Deploy.0 = Release|Any CPU
	EndGlobalSection
	GlobalSection(SolutionProperties) = preSolution
		HideSolutionNode = FALSE
	EndGlobalSection
	GlobalSection(ExtensibilityGlobals) = postSolution
		SolutionGuid = {FB047BE7-4663-4A02-9EE7-55FAD09FA402}
	EndGlobalSection
EndGlobal
